Microsoft Visual Studio Solution File, Format Version 12.00
# Visual Studio Version 17
VisualStudioVersion = 17.5.2.0
MinimumVisualStudioVersion = 10.0.40219.1
Project("{2150E333-8FDC-42A3-9474-1A3956D46DE8}") = "projetos", "projetos", "{B5B78941-DB64-234E-0DB9-C8381A1CFFBB}"
EndProject
Project("{2150E333-8FDC-42A3-9474-1A3956D46DE8}") = "Csharp", "Csharp", "{DDCF4932-6742-15C3-B99C-8D8CDE08BA1E}"
EndProject
Project("{FAE04EC0-301F-11D3-BF4B-00C04F79EFBC}") = "01conceito", "projetos\Csharp\01conceito\01conceito.csproj", "{C67762FF-E53D-2A02-5E47-C3A9A7604E1C}"
EndProject
Global
	GlobalSection(SolutionConfigurationPlatforms) = preSolution
		Debug|Any CPU = Debug|Any CPU
		Release|Any CPU = Release|Any CPU
	EndGlobalSection
	GlobalSection(ProjectConfigurationPlatforms) = postSolution
		{C67762FF-E53D-2A02-5E47-C3A9A7604E1C}.Debug|Any CPU.ActiveCfg = Debug|Any CPU
		{C67762FF-E53D-2A02-5E47-C3A9A7604E1C}.Debug|Any CPU.Build.0 = Debug|Any CPU
		{C67762FF-E53D-2A02-5E47-C3A9A7604E1C}.Release|Any CPU.ActiveCfg = Release|Any CPU
		{C67762FF-E53D-2A02-5E47-C3A9A7604E1C}.Release|Any CPU.Build.0 = Release|Any CPU
	EndGlobalSection
	GlobalSection(SolutionProperties) = preSolution
		HideSolutionNode = FALSE
	EndGlobalSection
	GlobalSection(NestedProjects) = preSolution
		{DDCF4932-6742-15C3-B99C-8D8CDE08BA1E} = {B5B78941-DB64-234E-0DB9-C8381A1CFFBB}
		{C67762FF-E53D-2A02-5E47-C3A9A7604E1C} = {DDCF4932-6742-15C3-B99C-8D8CDE08BA1E}
	EndGlobalSection
	GlobalSection(ExtensibilityGlobals) = postSolution
		SolutionGuid = {133CFF5C-5E07-4957-B9B9-5592ADC1016B}
	EndGlobalSection
EndGlobal
